
Microsoft Visual Studio Solution File, Format Version 12.00
# Visual Studio 15
VisualStudioVersion = 15.0.28010.2003
MinimumVisualStudioVersion = 10.0.40219.1
Project("{FAE04EC0-301F-11D3-BF4B-00C04F79EFBC}") = "topic1", "topic1\topic1.csproj", "{0E03B225-5B87-4BC2-8A05-943ED478481D}"
EndProject
Global
	GlobalSection(SolutionConfigurationPlatforms) = preSolution
		Debug|Any CPU = Debug|Any CPU
		Release|Any CPU = Release|Any CPU
	EndGlobalSection
	GlobalSection(ProjectConfigurationPlatforms) = postSolution
		{0E03B225-5B87-4BC2-8A05-943ED478481D}.Debug|Any CPU.ActiveCfg = Debug|Any CPU
		{0E03B225-5B87-4BC2-8A05-943ED478481D}.Debug|Any CPU.Build.0 = Debug|Any CPU
		{0E03B225-5B87-4BC2-8A05-943ED478481D}.Release|Any CPU.ActiveCfg = Release|Any CPU
		{0E03B225-5B87-4BC2-8A05-943ED478481D}.Release|Any CPU.Build.0 = Release|Any CPU
	EndGlobalSection
	GlobalSection(SolutionProperties) = preSolution
		HideSolutionNode = FALSE
	EndGlobalSection
	GlobalSection(ExtensibilityGlobals) = postSolution
		SolutionGuid = {ABBE01DE-173F-4075-B138-7EF4B28F0DF9}
	EndGlobalSection
EndGlobal
